// !$*UTF8*$!
{
	archiveVersion = 1;
	classes = {
	};
	objectVersion = 55;
	objects = {

/* Begin PBXBuildFile section */
		A3117B0D2A59CDD4000001B3 /* GoogleService-Info.plist in Sources */ = {isa = PBXBuildFile; fileRef = A3117B0C2A59CDD4000001B3 /* GoogleService-Info.plist */; };
		A3894AEF2A7FDC76009588CF /* FirebaseAuth in Frameworks */ = {isa = PBXBuildFile; productRef = A3894AEE2A7FDC76009588CF /* FirebaseAuth */; };
		A3894AF12A7FDC76009588CF /* FirebaseFirestore in Frameworks */ = {isa = PBXBuildFile; productRef = A3894AF02A7FDC76009588CF /* FirebaseFirestore */; };
		A3A2843B2A5617DB00A8B6C3 /* Geohash.swift in Sources */ = {isa = PBXBuildFile; fileRef = A3A2843A2A5617DB00A8B6C3 /* Geohash.swift */; };
		A3CD39CD2A702DE800175C40 /* ChatView.swift in Sources */ = {isa = PBXBuildFile; fileRef = A3CD39CC2A702DE800175C40 /* ChatView.swift */; };
		A3FF4B9D2A54EBDC005DCE2C /* ThumbprintApp.swift in Sources */ = {isa = PBXBuildFile; fileRef = A3FF4B9C2A54EBDC005DCE2C /* ThumbprintApp.swift */; };
		A3FF4B9F2A54EBDC005DCE2C /* ContentView.swift in Sources */ = {isa = PBXBuildFile; fileRef = A3FF4B9E2A54EBDC005DCE2C /* ContentView.swift */; };
		A3FF4BA12A54EBDD005DCE2C /* Assets.xcassets in Resources */ = {isa = PBXBuildFile; fileRef = A3FF4BA02A54EBDD005DCE2C /* Assets.xcassets */; };
		A3FF4BA42A54EBDD005DCE2C /* Preview Assets.xcassets in Resources */ = {isa = PBXBuildFile; fileRef = A3FF4BA32A54EBDD005DCE2C /* Preview Assets.xcassets */; };
/* End PBXBuildFile section */

/* Begin PBXFileReference section */
		A307FAD82A60D1DA00028483 /* Thumbprint.app */ = {isa = PBXFileReference; explicitFileType = wrapper.application; includeInIndex = 0; path = Thumbprint.app; sourceTree = BUILT_PRODUCTS_DIR; };
		A3117B0C2A59CDD4000001B3 /* GoogleService-Info.plist */ = {isa = PBXFileReference; lastKnownFileType = text.plist.xml; path = "GoogleService-Info.plist"; sourceTree = "<group>"; };
		A3894AEC2A7FDA7E009588CF /* Info.plist */ = {isa = PBXFileReference; lastKnownFileType = text.plist; path = Info.plist; sourceTree = "<group>"; };
		A3A2843A2A5617DB00A8B6C3 /* Geohash.swift */ = {isa = PBXFileReference; lastKnownFileType = sourcecode.swift; path = Geohash.swift; sourceTree = "<group>"; };
		A3CD39CC2A702DE800175C40 /* ChatView.swift */ = {isa = PBXFileReference; lastKnownFileType = sourcecode.swift; path = ChatView.swift; sourceTree = "<group>"; };
		A3FF4B9C2A54EBDC005DCE2C /* ThumbprintApp.swift */ = {isa = PBXFileReference; lastKnownFileType = sourcecode.swift; path = ThumbprintApp.swift; sourceTree = "<group>"; };
		A3FF4B9E2A54EBDC005DCE2C /* ContentView.swift */ = {isa = PBXFileReference; lastKnownFileType = sourcecode.swift; path = ContentView.swift; sourceTree = "<group>"; };
		A3FF4BA02A54EBDD005DCE2C /* Assets.xcassets */ = {isa = PBXFileReference; lastKnownFileType = folder.assetcatalog; path = Assets.xcassets; sourceTree = "<group>"; };
		A3FF4BA32A54EBDD005DCE2C /* Preview Assets.xcassets */ = {isa = PBXFileReference; lastKnownFileType = folder.assetcatalog; path = "Preview Assets.xcassets"; sourceTree = "<group>"; };
/* End PBXFileReference section */

/* Begin PBXFrameworksBuildPhase section */
		A3FF4B962A54EBDC005DCE2C /* Frameworks */ = {
			isa = PBXFrameworksBuildPhase;
			buildActionMask = 2147483647;
			files = (
				A3894AEF2A7FDC76009588CF /* FirebaseAuth in Frameworks */,
				A3894AF12A7FDC76009588CF /* FirebaseFirestore in Frameworks */,
			);
			runOnlyForDeploymentPostprocessing = 0;
		};
/* End PBXFrameworksBuildPhase section */

/* Begin PBXGroup section */
		A3FF4B902A54EBDC005DCE2C = {
			isa = PBXGroup;
			children = (
				A3FF4B9B2A54EBDC005DCE2C /* Thumbprint */,
				A307FAD82A60D1DA00028483 /* Thumbprint.app */,
			);
			sourceTree = "<group>";
		};
		A3FF4B9B2A54EBDC005DCE2C /* Thumbprint */ = {
			isa = PBXGroup;
			children = (
				A3894AEC2A7FDA7E009588CF /* Info.plist */,
				A3117B0C2A59CDD4000001B3 /* GoogleService-Info.plist */,
				A3FF4B9C2A54EBDC005DCE2C /* ThumbprintApp.swift */,
				A3CD39CC2A702DE800175C40 /* ChatView.swift */,
				A3FF4B9E2A54EBDC005DCE2C /* ContentView.swift */,
				A3FF4BA02A54EBDD005DCE2C /* Assets.xcassets */,
				A3FF4BA22A54EBDD005DCE2C /* Preview Content */,
				A3A2843A2A5617DB00A8B6C3 /* Geohash.swift */,
			);
			path = Thumbprint;
			sourceTree = "<group>";
		};
		A3FF4BA22A54EBDD005DCE2C /* Preview Content */ = {
			isa = PBXGroup;
			children = (
				A3FF4BA32A54EBDD005DCE2C /* Preview Assets.xcassets */,
			);
			path = "Preview Content";
			sourceTree = "<group>";
		};
/* End PBXGroup section */

/* Begin PBXNativeTarget section */
		A3FF4B982A54EBDC005DCE2C /* Thumbprint */ = {
			isa = PBXNativeTarget;
			buildConfigurationList = A3FF4BA72A54EBDD005DCE2C /* Build configuration list for PBXNativeTarget "Thumbprint" */;
			buildPhases = (
				A3FF4B952A54EBDC005DCE2C /* Sources */,
				A3FF4B962A54EBDC005DCE2C /* Frameworks */,
				A3FF4B972A54EBDC005DCE2C /* Resources */,
			);
			buildRules = (
			);
			dependencies = (
			);
			name = Thumbprint;
			packageProductDependencies = (
				A3894AEE2A7FDC76009588CF /* FirebaseAuth */,
				A3894AF02A7FDC76009588CF /* FirebaseFirestore */,
			);
			productName = Thumbprint;
			productReference = A307FAD82A60D1DA00028483 /* Thumbprint.app */;
			productType = "com.apple.product-type.application";
		};
/* End PBXNativeTarget section */

/* Begin PBXProject section */
		A3FF4B912A54EBDC005DCE2C /* Project object */ = {
			isa = PBXProject;
			attributes = {
				BuildIndependentTargetsInParallel = 1;
				LastSwiftUpdateCheck = 1340;
				LastUpgradeCheck = 1340;
				TargetAttributes = {
					A3FF4B982A54EBDC005DCE2C = {
						CreatedOnToolsVersion = 13.4.1;
						LastSwiftMigration = 1340;
					};
				};
			};
			buildConfigurationList = A3FF4B942A54EBDC005DCE2C /* Build configuration list for PBXProject "Thumbprint" */;
			compatibilityVersion = "Xcode 13.0";
			developmentRegion = en;
			hasScannedForEncodings = 0;
			knownRegions = (
				en,
				Base,
			);
			mainGroup = A3FF4B902A54EBDC005DCE2C;
			packageReferences = (
				A3894AED2A7FDC76009588CF /* XCRemoteSwiftPackageReference "firebase-ios-sdk" */,
			);
			productRefGroup = A3FF4B902A54EBDC005DCE2C;
			projectDirPath = "";
			projectRoot = "";
			targets = (
				A3FF4B982A54EBDC005DCE2C /* Thumbprint */,
			);
		};
/* End PBXProject section */

/* Begin PBXResourcesBuildPhase section */
		A3FF4B972A54EBDC005DCE2C /* Resources */ = {
			isa = PBXResourcesBuildPhase;
			buildActionMask = 2147483647;
			files = (
				A3FF4BA42A54EBDD005DCE2C /* Preview Assets.xcassets in Resources */,
				A3FF4BA12A54EBDD005DCE2C /* Assets.xcassets in Resources */,
			);
			runOnlyForDeploymentPostprocessing = 0;
		};
/* End PBXResourcesBuildPhase section */

/* Begin PBXSourcesBuildPhase section */
		A3FF4B952A54EBDC005DCE2C /* Sources */ = {
			isa = PBXSourcesBuildPhase;
			buildActionMask = 2147483647;
			files = (
				A3117B0D2A59CDD4000001B3 /* GoogleService-Info.plist in Sources */,
				A3A2843B2A5617DB00A8B6C3 /* Geohash.swift in Sources */,
				A3CD39CD2A702DE800175C40 /* ChatView.swift in Sources */,
				A3FF4B9F2A54EBDC005DCE2C /* ContentView.swift in Sources */,
				A3FF4B9D2A54EBDC005DCE2C /* ThumbprintApp.swift in Sources */,
			);
			runOnlyForDeploymentPostprocessing = 0;
		};
/* End PBXSourcesBuildPhase section */

/* Begin XCBuildConfiguration section */
		A3FF4BA52A54EBDD005DCE2C /* Debug */ = {
			isa = XCBuildConfiguration;
			buildSettings = {
				ALWAYS_SEARCH_USER_PATHS = NO;
				CLANG_ANALYZER_NONNULL = YES;
				CLANG_ANALYZER_NUMBER_OBJECT_CONVERSION = YES_AGGRESSIVE;
				CLANG_CXX_LANGUAGE_STANDARD = "gnu++17";
				CLANG_ENABLE_MODULES = YES;
				CLANG_ENABLE_OBJC_ARC = YES;
				CLANG_ENABLE_OBJC_WEAK = YES;
				CLANG_WARN_BLOCK_CAPTURE_AUTORELEASING = YES;
				CLANG_WARN_BOOL_CONVERSION = YES;
				CLANG_WARN_COMMA = YES;
				CLANG_WARN_CONSTANT_CONVERSION = YES;
				CLANG_WARN_DEPRECATED_OBJC_IMPLEMENTATIONS = YES;
				CLANG_WARN_DIRECT_OBJC_ISA_USAGE = YES_ERROR;
				CLANG_WARN_DOCUMENTATION_COMMENTS = YES;
				CLANG_WARN_EMPTY_BODY = YES;
				CLANG_WARN_ENUM_CONVERSION = YES;
				CLANG_WARN_INFINITE_RECURSION = YES;
				CLANG_WARN_INT_CONVERSION = YES;
				CLANG_WARN_NON_LITERAL_NULL_CONVERSION = YES;
				CLANG_WARN_OBJC_IMPLICIT_RETAIN_SELF = YES;
				CLANG_WARN_OBJC_LITERAL_CONVERSION = YES;
				CLANG_WARN_OBJC_ROOT_CLASS = YES_ERROR;
				CLANG_WARN_QUOTED_INCLUDE_IN_FRAMEWORK_HEADER = YES;
				CLANG_WARN_RANGE_LOOP_ANALYSIS = YES;
				CLANG_WARN_STRICT_PROTOTYPES = YES;
				CLANG_WARN_SUSPICIOUS_MOVE = YES;
				CLANG_WARN_UNGUARDED_AVAILABILITY = YES_AGGRESSIVE;
				CLANG_WARN_UNREACHABLE_CODE = YES;
				CLANG_WARN__DUPLICATE_METHOD_MATCH = YES;
				COPY_PHASE_STRIP = NO;
				DEBUG_INFORMATION_FORMAT = dwarf;
				ENABLE_STRICT_OBJC_MSGSEND = YES;
				ENABLE_TESTABILITY = YES;
				GCC_C_LANGUAGE_STANDARD = gnu11;
				GCC_DYNAMIC_NO_PIC = NO;
				GCC_NO_COMMON_BLOCKS = YES;
				GCC_OPTIMIZATION_LEVEL = 0;
				GCC_PREPROCESSOR_DEFINITIONS = (
					"DEBUG=1",
					"$(inherited)",
				);
				GCC_WARN_64_TO_32_BIT_CONVERSION = YES;
				GCC_WARN_ABOUT_RETURN_TYPE = YES_ERROR;
				GCC_WARN_UNDECLARED_SELECTOR = YES;
				GCC_WARN_UNINITIALIZED_AUTOS = YES_AGGRESSIVE;
				GCC_WARN_UNUSED_FUNCTION = YES;
				GCC_WARN_UNUSED_VARIABLE = YES;
				IPHONEOS_DEPLOYMENT_TARGET = 15.5;
				MTL_ENABLE_DEBUG_INFO = INCLUDE_SOURCE;
				MTL_FAST_MATH = YES;
				ONLY_ACTIVE_ARCH = YES;
				SDKROOT = iphoneos;
				SWIFT_ACTIVE_COMPILATION_CONDITIONS = DEBUG;
				SWIFT_OPTIMIZATION_LEVEL = "-Onone";
			};
			name = Debug;
		};
		A3FF4BA62A54EBDD005DCE2C /* Release */ = {
			isa = XCBuildConfiguration;
			buildSettings = {
				ALWAYS_SEARCH_USER_PATHS = NO;
				CLANG_ANALYZER_NONNULL = YES;
				CLANG_ANALYZER_NUMBER_OBJECT_CONVERSION = YES_AGGRESSIVE;
				CLANG_CXX_LANGUAGE_STANDARD = "gnu++17";
				CLANG_ENABLE_MODULES = YES;
				CLANG_ENABLE_OBJC_ARC = YES;
				CLANG_ENABLE_OBJC_WEAK = YES;
				CLANG_WARN_BLOCK_CAPTURE_AUTORELEASING = YES;
				CLANG_WARN_BOOL_CONVERSION = YES;
				CLANG_WARN_COMMA = YES;
				CLANG_WARN_CONSTANT_CONVERSION = YES;
				CLANG_WARN_DEPRECATED_OBJC_IMPLEMENTATIONS = YES;
				CLANG_WARN_DIRECT_OBJC_ISA_USAGE = YES_ERROR;
				CLANG_WARN_DOCUMENTATION_COMMENTS = YES;
				CLANG_WARN_EMPTY_BODY = YES;
				CLANG_WARN_ENUM_CONVERSION = YES;
				CLANG_WARN_INFINITE_RECURSION = YES;
				CLANG_WARN_INT_CONVERSION = YES;
				CLANG_WARN_NON_LITERAL_NULL_CONVERSION = YES;
				CLANG_WARN_OBJC_IMPLICIT_RETAIN_SELF = YES;
				CLANG_WARN_OBJC_LITERAL_CONVERSION = YES;
				CLANG_WARN_OBJC_ROOT_CLASS = YES_ERROR;
				CLANG_WARN_QUOTED_INCLUDE_IN_FRAMEWORK_HEADER = YES;
				CLANG_WARN_RANGE_LOOP_ANALYSIS = YES;
				CLANG_WARN_STRICT_PROTOTYPES = YES;
				CLANG_WARN_SUSPICIOUS_MOVE = YES;
				CLANG_WARN_UNGUARDED_AVAILABILITY = YES_AGGRESSIVE;
				CLANG_WARN_UNREACHABLE_CODE = YES;
				CLANG_WARN__DUPLICATE_METHOD_MATCH = YES;
				"CODE_SIGN_ENTITLEMENTS[sdk=*]" = "";
				COPY_PHASE_STRIP = NO;
				DEBUG_INFORMATION_FORMAT = "dwarf-with-dsym";
				ENABLE_NS_ASSERTIONS = NO;
				ENABLE_STRICT_OBJC_MSGSEND = YES;
				GCC_C_LANGUAGE_STANDARD = gnu11;
				GCC_NO_COMMON_BLOCKS = YES;
				GCC_WARN_64_TO_32_BIT_CONVERSION = YES;
				GCC_WARN_ABOUT_RETURN_TYPE = YES_ERROR;
				GCC_WARN_UNDECLARED_SELECTOR = YES;
				GCC_WARN_UNINITIALIZED_AUTOS = YES_AGGRESSIVE;
				GCC_WARN_UNUSED_FUNCTION = YES;
				GCC_WARN_UNUSED_VARIABLE = YES;
				IPHONEOS_DEPLOYMENT_TARGET = 15.5;
				MTL_ENABLE_DEBUG_INFO = NO;
				MTL_FAST_MATH = YES;
				SDKROOT = iphoneos;
				SWIFT_COMPILATION_MODE = wholemodule;
				SWIFT_OPTIMIZATION_LEVEL = "-O";
				VALIDATE_PRODUCT = YES;
			};
			name = Release;
		};
		A3FF4BA82A54EBDD005DCE2C /* Debug */ = {
			isa = XCBuildConfiguration;
			buildSettings = {
				ASSETCATALOG_COMPILER_APPICON_NAME = AppIcon;
				ASSETCATALOG_COMPILER_GLOBAL_ACCENT_COLOR_NAME = AccentColor;
				CLANG_ENABLE_MODULES = YES;
				CODE_SIGN_STYLE = Automatic;
				CURRENT_PROJECT_VERSION = 1;
				DEVELOPMENT_ASSET_PATHS = "\"Thumbprint/Preview Content\"";
				DEVELOPMENT_TEAM = 7279TDDFK4;
				ENABLE_PREVIEWS = YES;
				GENERATE_INFOPLIST_FILE = YES;
				INFOPLIST_FILE = Thumbprint/Info.plist;
				INFOPLIST_KEY_UIApplicationSceneManifest_Generation = YES;
				INFOPLIST_KEY_UIApplicationSupportsIndirectInputEvents = YES;
				INFOPLIST_KEY_UILaunchScreen_Generation = YES;
				INFOPLIST_KEY_UISupportedInterfaceOrientations_iPad = "UIInterfaceOrientationPortrait UIInterfaceOrientationPortraitUpsideDown UIInterfaceOrientationLandscapeLeft UIInterfaceOrientationLandscapeRight";
				INFOPLIST_KEY_UISupportedInterfaceOrientations_iPhone = "UIInterfaceOrientationPortrait UIInterfaceOrientationLandscapeLeft UIInterfaceOrientationLandscapeRight";
				LD_RUNPATH_SEARCH_PATHS = (
					"$(inherited)",
					"@executable_path/Frameworks",
				);
				MARKETING_VERSION = 1.2;
				PRODUCT_BUNDLE_IDENTIFIER = sayists.Thumbprint;
				PRODUCT_NAME = "$(TARGET_NAME)";
				SWIFT_EMIT_LOC_STRINGS = YES;
				SWIFT_OBJC_BRIDGING_HEADER = "";
				SWIFT_OPTIMIZATION_LEVEL = "-Onone";
				SWIFT_VERSION = 5.0;
				TARGETED_DEVICE_FAMILY = "1,2";
			};
			name = Debug;
		};
		A3FF4BA92A54EBDD005DCE2C /* Release */ = {
			isa = XCBuildConfiguration;
			buildSettings = {
				ASSETCATALOG_COMPILER_APPICON_NAME = AppIcon;
				ASSETCATALOG_COMPILER_GLOBAL_ACCENT_COLOR_NAME = AccentColor;
				CLANG_ENABLE_MODULES = YES;
				CODE_SIGN_ENTITLEMENTS = Thumbprint/ThumbprintRelease.entitlements;
				"CODE_SIGN_ENTITLEMENTS[sdk=*]" = "";
				CODE_SIGN_STYLE = Automatic;
				CURRENT_PROJECT_VERSION = 1;
				DEVELOPMENT_ASSET_PATHS = "\"Thumbprint/Preview Content\"";
				DEVELOPMENT_TEAM = 7279TDDFK4;
				ENABLE_PREVIEWS = YES;
				GENERATE_INFOPLIST_FILE = YES;
				INFOPLIST_FILE = Thumbprint/Info.plist;
				INFOPLIST_KEY_UIApplicationSceneManifest_Generation = YES;
				INFOPLIST_KEY_UIApplicationSupportsIndirectInputEvents = YES;
				INFOPLIST_KEY_UILaunchScreen_Generation = YES;
				INFOPLIST_KEY_UISupportedInterfaceOrientations_iPad = "UIInterfaceOrientationPortrait UIInterfaceOrientationPortraitUpsideDown UIInterfaceOrientationLandscapeLeft UIInterfaceOrientationLandscapeRight";
				INFOPLIST_KEY_UISupportedInterfaceOrientations_iPhone = "UIInterfaceOrientationPortrait UIInterfaceOrientationLandscapeLeft UIInterfaceOrientationLandscapeRight";
				LD_RUNPATH_SEARCH_PATHS = (
					"$(inherited)",
					"@executable_path/Frameworks",
				);
				MARKETING_VERSION = 1.2;
				PRODUCT_BUNDLE_IDENTIFIER = sayists.Thumbprint;
				PRODUCT_NAME = "$(TARGET_NAME)";
				SWIFT_EMIT_LOC_STRINGS = YES;
				SWIFT_OBJC_BRIDGING_HEADER = "";
				SWIFT_VERSION = 5.0;
				TARGETED_DEVICE_FAMILY = "1,2";
			};
			name = Release;
		};
/* End XCBuildConfiguration section */

/* Begin XCConfigurationList section */
		A3FF4B942A54EBDC005DCE2C /* Build configuration list for PBXProject "Thumbprint" */ = {
			isa = XCConfigurationList;
			buildConfigurations = (
				A3FF4BA52A54EBDD005DCE2C /* Debug */,
				A3FF4BA62A54EBDD005DCE2C /* Release */,
			);
			defaultConfigurationIsVisible = 0;
			defaultConfigurationName = Release;
		};
		A3FF4BA72A54EBDD005DCE2C /* Build configuration list for PBXNativeTarget "Thumbprint" */ = {
			isa = XCConfigurationList;
			buildConfigurations = (
				A3FF4BA82A54EBDD005DCE2C /* Debug */,
				A3FF4BA92A54EBDD005DCE2C /* Release */,
			);
			defaultConfigurationIsVisible = 0;
			defaultConfigurationName = Release;
		};
/* End XCConfigurationList section */

/* Begin XCRemoteSwiftPackageReference section */
		A3894AED2A7FDC76009588CF /* XCRemoteSwiftPackageReference "firebase-ios-sdk" */ = {
			isa = XCRemoteSwiftPackageReference;
			repositoryURL = "https://github.com/firebase/firebase-ios-sdk";
			requirement = {
				branch = master;
				kind = branch;
			};
		};
/* End XCRemoteSwiftPackageReference section */

/* Begin XCSwiftPackageProductDependency section */
		A3894AEE2A7FDC76009588CF /* FirebaseAuth */ = {
			isa = XCSwiftPackageProductDependency;
			package = A3894AED2A7FDC76009588CF /* XCRemoteSwiftPackageReference "firebase-ios-sdk" */;
			productName = FirebaseAuth;
		};
		A3894AF02A7FDC76009588CF /* FirebaseFirestore */ = {
			isa = XCSwiftPackageProductDependency;
			package = A3894AED2A7FDC76009588CF /* XCRemoteSwiftPackageReference "firebase-ios-sdk" */;
			productName = FirebaseFirestore;
		};
/* End XCSwiftPackageProductDependency section */
	};
	rootObject = A3FF4B912A54EBDC005DCE2C /* Project object */;
}
